
Microsoft Visual Studio Solution File, Format Version 12.00
# Visual Studio Version 17
VisualStudioVersion = 17.12.35707.178 d17.12
MinimumVisualStudioVersion = 10.0.40219.1
Project("{FAE04EC0-301F-11D3-BF4B-00C04F79EFBC}") = "CalcoloImposte", "CalcoloImposte\CalcoloImposte.csproj", "{950087BD-4310-494E-99FF-B12CA67BBB61}"
EndProject
Global
	GlobalSection(SolutionConfigurationPlatforms) = preSolution
		Debug|Any CPU = Debug|Any CPU
		Release|Any CPU = Release|Any CPU
	EndGlobalSection
	GlobalSection(ProjectConfigurationPlatforms) = postSolution
		{950087BD-4310-494E-99FF-B12CA67BBB61}.Debug|Any CPU.ActiveCfg = Debug|Any CPU
		{950087BD-4310-494E-99FF-B12CA67BBB61}.Debug|Any CPU.Build.0 = Debug|Any CPU
		{950087BD-4310-494E-99FF-B12CA67BBB61}.Release|Any CPU.ActiveCfg = Release|Any CPU
		{950087BD-4310-494E-99FF-B12CA67BBB61}.Release|Any CPU.Build.0 = Release|Any CPU
	EndGlobalSection
	GlobalSection(SolutionProperties) = preSolution
		HideSolutionNode = FALSE
	EndGlobalSection
EndGlobal
